
Microsoft Visual Studio Solution File, Format Version 12.00
# Visual Studio Version 17
VisualStudioVersion = 17.0.31903.59
MinimumVisualStudioVersion = 10.0.40219.1
Project("{FAE04EC0-301F-11D3-BF4B-00C04F79EFBC}") = "eCommerce.UserService", "eCommerce.UserService\eCommerce.UserService.csproj", "{03A960D6-5C6A-4C75-ACB2-5693D572AED4}"
EndProject
Project("{2150E333-8FDC-42A3-9474-1A3956D46DE8}") = "Tests", "Tests", "{0AB3BF05-4346-4AA6-1389-037BE0695223}"
EndProject
Project("{FAE04EC0-301F-11D3-BF4B-00C04F79EFBC}") = "eCommerce.UserService.Tests", "Tests\eCommerce.UserService.Tests\eCommerce.UserService.Tests.csproj", "{99FEAB3F-8FC1-4A5F-8017-85DE76DDB544}"
EndProject
Project("{FAE04EC0-301F-11D3-BF4B-00C04F79EFBC}") = "eCommerce.Gateway", "eCommerce.Gateway\eCommerce.Gateway.csproj", "{C2F963DF-332D-48D0-ACC6-E0E465E293F1}"
EndProject
Project("{FAE04EC0-301F-11D3-BF4B-00C04F79EFBC}") = "eCommerce.Shared", "eCommerce.Shared\eCommerce.Shared.csproj", "{DDF3A346-6C7B-4375-99EC-FE59BCD81086}"
EndProject
Project("{2150E333-8FDC-42A3-9474-1A3956D46DE8}") = "Solution Items", "Solution Items", "{8EC462FD-D22E-90A8-E5CE-7E832BA40C5D}"
	ProjectSection(SolutionItems) = preProject
		docker-compose.yml = docker-compose.yml
	EndProjectSection
EndProject
Global
	GlobalSection(SolutionConfigurationPlatforms) = preSolution
		Debug|Any CPU = Debug|Any CPU
		Debug|x64 = Debug|x64
		Debug|x86 = Debug|x86
		Release|Any CPU = Release|Any CPU
		Release|x64 = Release|x64
		Release|x86 = Release|x86
	EndGlobalSection
	GlobalSection(ProjectConfigurationPlatforms) = postSolution
		{03A960D6-5C6A-4C75-ACB2-5693D572AED4}.Debug|Any CPU.ActiveCfg = Debug|Any CPU
		{03A960D6-5C6A-4C75-ACB2-5693D572AED4}.Debug|Any CPU.Build.0 = Debug|Any CPU
		{03A960D6-5C6A-4C75-ACB2-5693D572AED4}.Debug|x64.ActiveCfg = Debug|Any CPU
		{03A960D6-5C6A-4C75-ACB2-5693D572AED4}.Debug|x64.Build.0 = Debug|Any CPU
		{03A960D6-5C6A-4C75-ACB2-5693D572AED4}.Debug|x86.ActiveCfg = Debug|Any CPU
		{03A960D6-5C6A-4C75-ACB2-5693D572AED4}.Debug|x86.Build.0 = Debug|Any CPU
		{03A960D6-5C6A-4C75-ACB2-5693D572AED4}.Release|Any CPU.ActiveCfg = Release|Any CPU
		{03A960D6-5C6A-4C75-ACB2-5693D572AED4}.Release|Any CPU.Build.0 = Release|Any CPU
		{03A960D6-5C6A-4C75-ACB2-5693D572AED4}.Release|x64.ActiveCfg = Release|Any CPU
		{03A960D6-5C6A-4C75-ACB2-5693D572AED4}.Release|x64.Build.0 = Release|Any CPU
		{03A960D6-5C6A-4C75-ACB2-5693D572AED4}.Release|x86.ActiveCfg = Release|Any CPU
		{03A960D6-5C6A-4C75-ACB2-5693D572AED4}.Release|x86.Build.0 = Release|Any CPU
		{99FEAB3F-8FC1-4A5F-8017-85DE76DDB544}.Debug|Any CPU.ActiveCfg = Debug|Any CPU
		{99FEAB3F-8FC1-4A5F-8017-85DE76DDB544}.Debug|Any CPU.Build.0 = Debug|Any CPU
		{99FEAB3F-8FC1-4A5F-8017-85DE76DDB544}.Debug|x64.ActiveCfg = Debug|Any CPU
		{99FEAB3F-8FC1-4A5F-8017-85DE76DDB544}.Debug|x64.Build.0 = Debug|Any CPU
		{99FEAB3F-8FC1-4A5F-8017-85DE76DDB544}.Debug|x86.ActiveCfg = Debug|Any CPU
		{99FEAB3F-8FC1-4A5F-8017-85DE76DDB544}.Debug|x86.Build.0 = Debug|Any CPU
		{99FEAB3F-8FC1-4A5F-8017-85DE76DDB544}.Release|Any CPU.ActiveCfg = Release|Any CPU
		{99FEAB3F-8FC1-4A5F-8017-85DE76DDB544}.Release|Any CPU.Build.0 = Release|Any CPU
		{99FEAB3F-8FC1-4A5F-8017-85DE76DDB544}.Release|x64.ActiveCfg = Release|Any CPU
		{99FEAB3F-8FC1-4A5F-8017-85DE76DDB544}.Release|x64.Build.0 = Release|Any CPU
		{99FEAB3F-8FC1-4A5F-8017-85DE76DDB544}.Release|x86.ActiveCfg = Release|Any CPU
		{99FEAB3F-8FC1-4A5F-8017-85DE76DDB544}.Release|x86.Build.0 = Release|Any CPU
		{C2F963DF-332D-48D0-ACC6-E0E465E293F1}.Debug|Any CPU.ActiveCfg = Debug|Any CPU
		{C2F963DF-332D-48D0-ACC6-E0E465E293F1}.Debug|Any CPU.Build.0 = Debug|Any CPU
		{C2F963DF-332D-48D0-ACC6-E0E465E293F1}.Debug|x64.ActiveCfg = Debug|Any CPU
		{C2F963DF-332D-48D0-ACC6-E0E465E293F1}.Debug|x64.Build.0 = Debug|Any CPU
		{C2F963DF-332D-48D0-ACC6-E0E465E293F1}.Debug|x86.ActiveCfg = Debug|Any CPU
		{C2F963DF-332D-48D0-ACC6-E0E465E293F1}.Debug|x86.Build.0 = Debug|Any CPU
		{C2F963DF-332D-48D0-ACC6-E0E465E293F1}.Release|Any CPU.ActiveCfg = Release|Any CPU
		{C2F963DF-332D-48D0-ACC6-E0E465E293F1}.Release|Any CPU.Build.0 = Release|Any CPU
		{C2F963DF-332D-48D0-ACC6-E0E465E293F1}.Release|x64.ActiveCfg = Release|Any CPU
		{C2F963DF-332D-48D0-ACC6-E0E465E293F1}.Release|x64.Build.0 = Release|Any CPU
		{C2F963DF-332D-48D0-ACC6-E0E465E293F1}.Release|x86.ActiveCfg = Release|Any CPU
		{C2F963DF-332D-48D0-ACC6-E0E465E293F1}.Release|x86.Build.0 = Release|Any CPU
		{DDF3A346-6C7B-4375-99EC-FE59BCD81086}.Debug|Any CPU.ActiveCfg = Debug|Any CPU
		{DDF3A346-6C7B-4375-99EC-FE59BCD81086}.Debug|Any CPU.Build.0 = Debug|Any CPU
		{DDF3A346-6C7B-4375-99EC-FE59BCD81086}.Debug|x64.ActiveCfg = Debug|Any CPU
		{DDF3A346-6C7B-4375-99EC-FE59BCD81086}.Debug|x64.Build.0 = Debug|Any CPU
		{DDF3A346-6C7B-4375-99EC-FE59BCD81086}.Debug|x86.ActiveCfg = Debug|Any CPU
		{DDF3A346-6C7B-4375-99EC-FE59BCD81086}.Debug|x86.Build.0 = Debug|Any CPU
		{DDF3A346-6C7B-4375-99EC-FE59BCD81086}.Release|Any CPU.ActiveCfg = Release|Any CPU
		{DDF3A346-6C7B-4375-99EC-FE59BCD81086}.Release|Any CPU.Build.0 = Release|Any CPU
		{DDF3A346-6C7B-4375-99EC-FE59BCD81086}.Release|x64.ActiveCfg = Release|Any CPU
		{DDF3A346-6C7B-4375-99EC-FE59BCD81086}.Release|x64.Build.0 = Release|Any CPU
		{DDF3A346-6C7B-4375-99EC-FE59BCD81086}.Release|x86.ActiveCfg = Release|Any CPU
		{DDF3A346-6C7B-4375-99EC-FE59BCD81086}.Release|x86.Build.0 = Release|Any CPU
	EndGlobalSection
	GlobalSection(SolutionProperties) = preSolution
		HideSolutionNode = FALSE
	EndGlobalSection
	GlobalSection(NestedProjects) = preSolution
		{99FEAB3F-8FC1-4A5F-8017-85DE76DDB544} = {0AB3BF05-4346-4AA6-1389-037BE0695223}
	EndGlobalSection
	GlobalSection(ExtensibilityGlobals) = postSolution
		SolutionGuid = {8EB3DA7F-5855-4551-B20C-DA89162EBF00}
	EndGlobalSection
EndGlobal
